
Microsoft Visual Studio Solution File, Format Version 12.00
# Visual Studio Version 16
VisualStudioVersion = 16.0.30503.244
MinimumVisualStudioVersion = 10.0.40219.1
Project("{9A19103F-16F7-4668-BE54-9A1E7A4F7556}") = "Safe", "src\Safe\Safe.csproj", "{DA641B8A-C4D1-4836-901D-D42BE5423760}"
EndProject
Project("{2150E333-8FDC-42A3-9474-1A3956D46DE8}") = "Tests", "Tests", "{9F880E88-CF9E-4203-A18A-BF1659B56DFA}"
EndProject
Project("{9A19103F-16F7-4668-BE54-9A1E7A4F7556}") = "Safe.Core", "src\Safe.Core\Safe.Core.csproj", "{84982F71-605E-4EF4-BC7E-5C72064A3EDD}"
EndProject
Project("{9A19103F-16F7-4668-BE54-9A1E7A4F7556}") = "Safe.Tests", "test\Safe.Tests\Safe.Tests.csproj", "{6E1ED070-9DC1-4804-8FA9-B8748D4F05AB}"
EndProject
Project("{2150E333-8FDC-42A3-9474-1A3956D46DE8}") = "Utilities", "Utilities", "{B3E89ACC-7FEB-449C-A7E2-949708C2407E}"
EndProject
Project("{9A19103F-16F7-4668-BE54-9A1E7A4F7556}") = "Safe.Importer", "src\Safe.Importer\Safe.Importer.csproj", "{04A435E9-AA50-494C-89D6-FD27C86A81A5}"
EndProject
Project("{2150E333-8FDC-42A3-9474-1A3956D46DE8}") = "Docs", "Docs", "{6C6991F8-FF21-44D1-9D78-EFDBE8845538}"
	ProjectSection(SolutionItems) = preProject
		README.md = README.md
	EndProjectSection
EndProject
Global
	GlobalSection(SolutionConfigurationPlatforms) = preSolution
		Debug|Any CPU = Debug|Any CPU
		Release|Any CPU = Release|Any CPU
	EndGlobalSection
	GlobalSection(ProjectConfigurationPlatforms) = postSolution
		{DA641B8A-C4D1-4836-901D-D42BE5423760}.Debug|Any CPU.ActiveCfg = Debug|Any CPU
		{DA641B8A-C4D1-4836-901D-D42BE5423760}.Debug|Any CPU.Build.0 = Debug|Any CPU
		{DA641B8A-C4D1-4836-901D-D42BE5423760}.Release|Any CPU.ActiveCfg = Release|Any CPU
		{DA641B8A-C4D1-4836-901D-D42BE5423760}.Release|Any CPU.Build.0 = Release|Any CPU
		{84982F71-605E-4EF4-BC7E-5C72064A3EDD}.Debug|Any CPU.ActiveCfg = Debug|Any CPU
		{84982F71-605E-4EF4-BC7E-5C72064A3EDD}.Debug|Any CPU.Build.0 = Debug|Any CPU
		{84982F71-605E-4EF4-BC7E-5C72064A3EDD}.Release|Any CPU.ActiveCfg = Release|Any CPU
		{84982F71-605E-4EF4-BC7E-5C72064A3EDD}.Release|Any CPU.Build.0 = Release|Any CPU
		{6E1ED070-9DC1-4804-8FA9-B8748D4F05AB}.Debug|Any CPU.ActiveCfg = Debug|Any CPU
		{6E1ED070-9DC1-4804-8FA9-B8748D4F05AB}.Debug|Any CPU.Build.0 = Debug|Any CPU
		{6E1ED070-9DC1-4804-8FA9-B8748D4F05AB}.Release|Any CPU.ActiveCfg = Release|Any CPU
		{6E1ED070-9DC1-4804-8FA9-B8748D4F05AB}.Release|Any CPU.Build.0 = Release|Any CPU
		{04A435E9-AA50-494C-89D6-FD27C86A81A5}.Debug|Any CPU.ActiveCfg = Debug|Any CPU
		{04A435E9-AA50-494C-89D6-FD27C86A81A5}.Debug|Any CPU.Build.0 = Debug|Any CPU
		{04A435E9-AA50-494C-89D6-FD27C86A81A5}.Release|Any CPU.ActiveCfg = Release|Any CPU
		{04A435E9-AA50-494C-89D6-FD27C86A81A5}.Release|Any CPU.Build.0 = Release|Any CPU
	EndGlobalSection
	GlobalSection(SolutionProperties) = preSolution
		HideSolutionNode = FALSE
	EndGlobalSection
	GlobalSection(NestedProjects) = preSolution
		{6E1ED070-9DC1-4804-8FA9-B8748D4F05AB} = {9F880E88-CF9E-4203-A18A-BF1659B56DFA}
		{04A435E9-AA50-494C-89D6-FD27C86A81A5} = {B3E89ACC-7FEB-449C-A7E2-949708C2407E}
	EndGlobalSection
	GlobalSection(ExtensibilityGlobals) = postSolution
		SolutionGuid = {95FFFA35-8773-4155-AB52-FE8A248A2243}
	EndGlobalSection
EndGlobal
